
Microsoft Visual Studio Solution File, Format Version 12.00
# Visual Studio Version 16
VisualStudioVersion = 16.0.30204.135
MinimumVisualStudioVersion = 10.0.40219.1
Project("{FAE04EC0-301F-11D3-BF4B-00C04F79EFBC}") = "Flight.API", "Flight.API\Flight.API.csproj", "{886EC0AE-2C23-4D19-9BDE-4F284B1DE356}"
EndProject
Project("{FAE04EC0-301F-11D3-BF4B-00C04F79EFBC}") = "Flight.Application", "Flight.Application\Flight.Application.csproj", "{DFB69C0B-645D-498E-9419-8C11C0DAB635}"
EndProject
Project("{FAE04EC0-301F-11D3-BF4B-00C04F79EFBC}") = "Flight.Core", "Flight.Core\Flight.Core.csproj", "{D30D61E0-A14E-4F4D-9FB8-91EACC66DB36}"
EndProject
Global
	GlobalSection(SolutionConfigurationPlatforms) = preSolution
		Debug|Any CPU = Debug|Any CPU
		Release|Any CPU = Release|Any CPU
	EndGlobalSection
	GlobalSection(ProjectConfigurationPlatforms) = postSolution
		{886EC0AE-2C23-4D19-9BDE-4F284B1DE356}.Debug|Any CPU.ActiveCfg = Debug|Any CPU
		{886EC0AE-2C23-4D19-9BDE-4F284B1DE356}.Debug|Any CPU.Build.0 = Debug|Any CPU
		{886EC0AE-2C23-4D19-9BDE-4F284B1DE356}.Release|Any CPU.ActiveCfg = Release|Any CPU
		{886EC0AE-2C23-4D19-9BDE-4F284B1DE356}.Release|Any CPU.Build.0 = Release|Any CPU
		{DFB69C0B-645D-498E-9419-8C11C0DAB635}.Debug|Any CPU.ActiveCfg = Debug|Any CPU
		{DFB69C0B-645D-498E-9419-8C11C0DAB635}.Debug|Any CPU.Build.0 = Debug|Any CPU
		{DFB69C0B-645D-498E-9419-8C11C0DAB635}.Release|Any CPU.ActiveCfg = Release|Any CPU
		{DFB69C0B-645D-498E-9419-8C11C0DAB635}.Release|Any CPU.Build.0 = Release|Any CPU
		{D30D61E0-A14E-4F4D-9FB8-91EACC66DB36}.Debug|Any CPU.ActiveCfg = Debug|Any CPU
		{D30D61E0-A14E-4F4D-9FB8-91EACC66DB36}.Debug|Any CPU.Build.0 = Debug|Any CPU
		{D30D61E0-A14E-4F4D-9FB8-91EACC66DB36}.Release|Any CPU.ActiveCfg = Release|Any CPU
		{D30D61E0-A14E-4F4D-9FB8-91EACC66DB36}.Release|Any CPU.Build.0 = Release|Any CPU
	EndGlobalSection
	GlobalSection(SolutionProperties) = preSolution
		HideSolutionNode = FALSE
	EndGlobalSection
	GlobalSection(ExtensibilityGlobals) = postSolution
		SolutionGuid = {4AD04AE1-D57D-4617-9681-D5A0DC3C3B0A}
	EndGlobalSection
EndGlobal
